
Microsoft Visual Studio Solution File, Format Version 12.00
# Visual Studio 15
VisualStudioVersion = 15.0.27703.2035
MinimumVisualStudioVersion = 10.0.40219.1
Project("{FAE04EC0-301F-11D3-BF4B-00C04F79EFBC}") = "GoogleChromeCache", "GoogleChromeCache\GoogleChromeCache.csproj", "{4E7F2FE8-7499-41C0-A3D0-A9C64450769A}"
EndProject
Global
	GlobalSection(SolutionConfigurationPlatforms) = preSolution
		Debug|Any CPU = Debug|Any CPU
		Release|Any CPU = Release|Any CPU
	EndGlobalSection
	GlobalSection(ProjectConfigurationPlatforms) = postSolution
		{4E7F2FE8-7499-41C0-A3D0-A9C64450769A}.Debug|Any CPU.ActiveCfg = Debug|Any CPU
		{4E7F2FE8-7499-41C0-A3D0-A9C64450769A}.Debug|Any CPU.Build.0 = Debug|Any CPU
		{4E7F2FE8-7499-41C0-A3D0-A9C64450769A}.Release|Any CPU.ActiveCfg = Release|Any CPU
		{4E7F2FE8-7499-41C0-A3D0-A9C64450769A}.Release|Any CPU.Build.0 = Release|Any CPU
	EndGlobalSection
	GlobalSection(SolutionProperties) = preSolution
		HideSolutionNode = FALSE
	EndGlobalSection
	GlobalSection(ExtensibilityGlobals) = postSolution
		SolutionGuid = {E1B12072-C14C-4FC2-A0D2-24901745EDB7}
	EndGlobalSection
EndGlobal
